
Microsoft Visual Studio Solution File, Format Version 12.00
# Visual Studio Version 16
VisualStudioVersion = 16.0.30114.105
MinimumVisualStudioVersion = 10.0.40219.1
Project("{FAE04EC0-301F-11D3-BF4B-00C04F79EFBC}") = "BubbleSort", "BubbleSort\BubbleSort.csproj", "{816FF4EC-D047-423C-A986-C918F1D7AA90}"
EndProject
Global
	GlobalSection(SolutionConfigurationPlatforms) = preSolution
		Debug|Any CPU = Debug|Any CPU
		Release|Any CPU = Release|Any CPU
	EndGlobalSection
	GlobalSection(ProjectConfigurationPlatforms) = postSolution
		{816FF4EC-D047-423C-A986-C918F1D7AA90}.Debug|Any CPU.ActiveCfg = Debug|Any CPU
		{816FF4EC-D047-423C-A986-C918F1D7AA90}.Debug|Any CPU.Build.0 = Debug|Any CPU
		{816FF4EC-D047-423C-A986-C918F1D7AA90}.Release|Any CPU.ActiveCfg = Release|Any CPU
		{816FF4EC-D047-423C-A986-C918F1D7AA90}.Release|Any CPU.Build.0 = Release|Any CPU
	EndGlobalSection
	GlobalSection(SolutionProperties) = preSolution
		HideSolutionNode = FALSE
	EndGlobalSection
	GlobalSection(ExtensibilityGlobals) = postSolution
		SolutionGuid = {EE44083E-7C56-460F-8222-0D5D54205A94}
	EndGlobalSection
EndGlobal
